
Microsoft Visual Studio Solution File, Format Version 12.00
# Visual Studio 15
VisualStudioVersion = 15.0.28307.1169
MinimumVisualStudioVersion = 10.0.40219.1
Project("{888888A0-9F3D-457C-B088-3A5042F75D52}") = "Solo", "Solo\Solo.pyproj", "{4824C6EE-2D1D-4C85-8713-A2B81482E6B6}"
EndProject
Global
	GlobalSection(SolutionConfigurationPlatforms) = preSolution
		Debug|Any CPU = Debug|Any CPU
		Release|Any CPU = Release|Any CPU
	EndGlobalSection
	GlobalSection(ProjectConfigurationPlatforms) = postSolution
		{4824C6EE-2D1D-4C85-8713-A2B81482E6B6}.Debug|Any CPU.ActiveCfg = Debug|Any CPU
		{4824C6EE-2D1D-4C85-8713-A2B81482E6B6}.Release|Any CPU.ActiveCfg = Release|Any CPU
	EndGlobalSection
	GlobalSection(SolutionProperties) = preSolution
		HideSolutionNode = FALSE
	EndGlobalSection
	GlobalSection(ExtensibilityGlobals) = postSolution
		SolutionGuid = {7306F000-B6D5-4E19-9454-59DE27223ACC}
	EndGlobalSection
EndGlobal
